
Microsoft Visual Studio Solution File, Format Version 12.00
<<<<<<< HEAD
# Visual Studio Version 16
VisualStudioVersion = 16.0.37206.5
=======
# Visual Studio Version 17
VisualStudioVersion = 17.11.35327.3
>>>>>>> 01e292eae3dd447b4c1f21c2a80f8d80f8800523
MinimumVisualStudioVersion = 10.0.40219.1
Project("{FAE04EC0-301F-11D3-BF4B-00C04F79EFBC}") = "WindowsFormsApp2", "WindowsFormsApp2.csproj", "{5B04B802-6DAC-4F04-A06A-19568E109446}"
EndProject
Global
	GlobalSection(SolutionConfigurationPlatforms) = preSolution
		Debug|Any CPU = Debug|Any CPU
<<<<<<< HEAD
		Debug|x64 = Debug|x64
		Release|Any CPU = Release|Any CPU
		Release|x64 = Release|x64
=======
		Release|Any CPU = Release|Any CPU
>>>>>>> 01e292eae3dd447b4c1f21c2a80f8d80f8800523
	EndGlobalSection
	GlobalSection(ProjectConfigurationPlatforms) = postSolution
		{5B04B802-6DAC-4F04-A06A-19568E109446}.Debug|Any CPU.ActiveCfg = Debug|Any CPU
		{5B04B802-6DAC-4F04-A06A-19568E109446}.Debug|Any CPU.Build.0 = Debug|Any CPU
<<<<<<< HEAD
		{5B04B802-6DAC-4F04-A06A-19568E109446}.Debug|x64.ActiveCfg = Debug|x64
		{5B04B802-6DAC-4F04-A06A-19568E109446}.Debug|x64.Build.0 = Debug|x64
		{5B04B802-6DAC-4F04-A06A-19568E109446}.Release|Any CPU.ActiveCfg = Release|Any CPU
		{5B04B802-6DAC-4F04-A06A-19568E109446}.Release|Any CPU.Build.0 = Release|Any CPU
		{5B04B802-6DAC-4F04-A06A-19568E109446}.Release|x64.ActiveCfg = Release|x64
		{5B04B802-6DAC-4F04-A06A-19568E109446}.Release|x64.Build.0 = Release|x64
=======
		{5B04B802-6DAC-4F04-A06A-19568E109446}.Release|Any CPU.ActiveCfg = Release|Any CPU
		{5B04B802-6DAC-4F04-A06A-19568E109446}.Release|Any CPU.Build.0 = Release|Any CPU
>>>>>>> 01e292eae3dd447b4c1f21c2a80f8d80f8800523
	EndGlobalSection
	GlobalSection(SolutionProperties) = preSolution
		HideSolutionNode = FALSE
	EndGlobalSection
	GlobalSection(ExtensibilityGlobals) = postSolution
<<<<<<< HEAD
		SolutionGuid = {A4893AAB-D523-49EE-BB28-574080C1AE64}
=======
		SolutionGuid = {5B17453C-E720-45D8-BA26-6479C913E919}
>>>>>>> 01e292eae3dd447b4c1f21c2a80f8d80f8800523
	EndGlobalSection
EndGlobal
